// !$*UTF8*$!
{
	archiveVersion = 1;
	classes = {
	};
	objectVersion = 50;
	objects = {

/* Begin PBXBuildFile section */
		7A310B0A232C8CE600F255E9 /* AppDelegate.swift in Sources */ = {isa = PBXBuildFile; fileRef = 7A310B09232C8CE600F255E9 /* AppDelegate.swift */; };
		7A310B0C232C8CE600F255E9 /* ViewController.swift in Sources */ = {isa = PBXBuildFile; fileRef = 7A310B0B232C8CE600F255E9 /* ViewController.swift */; };
		7A310B0F232C8CE600F255E9 /* Main.storyboard in Resources */ = {isa = PBXBuildFile; fileRef = 7A310B0D232C8CE600F255E9 /* Main.storyboard */; };
		7A310B11232C8CE800F255E9 /* Assets.xcassets in Resources */ = {isa = PBXBuildFile; fileRef = 7A310B10232C8CE800F255E9 /* Assets.xcassets */; };
		7A310B14232C8CE800F255E9 /* LaunchScreen.storyboard in Resources */ = {isa = PBXBuildFile; fileRef = 7A310B12232C8CE800F255E9 /* LaunchScreen.storyboard */; };
		7A310B1F232C8CE800F255E9 /* Hands_on_Coding_ExamTests.swift in Sources */ = {isa = PBXBuildFile; fileRef = 7A310B1E232C8CE800F255E9 /* Hands_on_Coding_ExamTests.swift */; };
		7A310B2A232C8CE800F255E9 /* Hands_on_Coding_ExamUITests.swift in Sources */ = {isa = PBXBuildFile; fileRef = 7A310B29232C8CE800F255E9 /* Hands_on_Coding_ExamUITests.swift */; };
/* End PBXBuildFile section */

/* Begin PBXContainerItemProxy section */
		7A310B1B232C8CE800F255E9 /* PBXContainerItemProxy */ = {
			isa = PBXContainerItemProxy;
			containerPortal = 7A310AFE232C8CE600F255E9 /* Project object */;
			proxyType = 1;
			remoteGlobalIDString = 7A310B05232C8CE600F255E9;
			remoteInfo = "Hands on Coding Exam";
		};
		7A310B26232C8CE800F255E9 /* PBXContainerItemProxy */ = {
			isa = PBXContainerItemProxy;
			containerPortal = 7A310AFE232C8CE600F255E9 /* Project object */;
			proxyType = 1;
			remoteGlobalIDString = 7A310B05232C8CE600F255E9;
			remoteInfo = "Hands on Coding Exam";
		};
/* End PBXContainerItemProxy section */

/* Begin PBXFileReference section */
		7A310B06232C8CE600F255E9 /* Hands on Coding Exam.app */ = {isa = PBXFileReference; explicitFileType = wrapper.application; includeInIndex = 0; path = "Hands on Coding Exam.app"; sourceTree = BUILT_PRODUCTS_DIR; };
		7A310B09232C8CE600F255E9 /* AppDelegate.swift */ = {isa = PBXFileReference; lastKnownFileType = sourcecode.swift; path = AppDelegate.swift; sourceTree = "<group>"; };
		7A310B0B232C8CE600F255E9 /* ViewController.swift */ = {isa = PBXFileReference; lastKnownFileType = sourcecode.swift; path = ViewController.swift; sourceTree = "<group>"; };
		7A310B0E232C8CE600F255E9 /* Base */ = {isa = PBXFileReference; lastKnownFileType = file.storyboard; name = Base; path = Base.lproj/Main.storyboard; sourceTree = "<group>"; };
		7A310B10232C8CE800F255E9 /* Assets.xcassets */ = {isa = PBXFileReference; lastKnownFileType = folder.assetcatalog; path = Assets.xcassets; sourceTree = "<group>"; };
		7A310B13232C8CE800F255E9 /* Base */ = {isa = PBXFileReference; lastKnownFileType = file.storyboard; name = Base; path = Base.lproj/LaunchScreen.storyboard; sourceTree = "<group>"; };
		7A310B15232C8CE800F255E9 /* Info.plist */ = {isa = PBXFileReference; lastKnownFileType = text.plist.xml; path = Info.plist; sourceTree = "<group>"; };
		7A310B1A232C8CE800F255E9 /* Hands on Coding ExamTests.xctest */ = {isa = PBXFileReference; explicitFileType = wrapper.cfbundle; includeInIndex = 0; path = "Hands on Coding ExamTests.xctest"; sourceTree = BUILT_PRODUCTS_DIR; };
		7A310B1E232C8CE800F255E9 /* Hands_on_Coding_ExamTests.swift */ = {isa = PBXFileReference; lastKnownFileType = sourcecode.swift; path = Hands_on_Coding_ExamTests.swift; sourceTree = "<group>"; };
		7A310B20232C8CE800F255E9 /* Info.plist */ = {isa = PBXFileReference; lastKnownFileType = text.plist.xml; path = Info.plist; sourceTree = "<group>"; };
		7A310B25232C8CE800F255E9 /* Hands on Coding ExamUITests.xctest */ = {isa = PBXFileReference; explicitFileType = wrapper.cfbundle; includeInIndex = 0; path = "Hands on Coding ExamUITests.xctest"; sourceTree = BUILT_PRODUCTS_DIR; };
		7A310B29232C8CE800F255E9 /* Hands_on_Coding_ExamUITests.swift */ = {isa = PBXFileReference; lastKnownFileType = sourcecode.swift; path = Hands_on_Coding_ExamUITests.swift; sourceTree = "<group>"; };
		7A310B2B232C8CE800F255E9 /* Info.plist */ = {isa = PBXFileReference; lastKnownFileType = text.plist.xml; path = Info.plist; sourceTree = "<group>"; };
/* End PBXFileReference section */

/* Begin PBXFrameworksBuildPhase section */
		7A310B03232C8CE600F255E9 /* Frameworks */ = {
			isa = PBXFrameworksBuildPhase;
			buildActionMask = 2147483647;
			files = (
			);
			runOnlyForDeploymentPostprocessing = 0;
		};
		7A310B17232C8CE800F255E9 /* Frameworks */ = {
			isa = PBXFrameworksBuildPhase;
			buildActionMask = 2147483647;
			files = (
			);
			runOnlyForDeploymentPostprocessing = 0;
		};
		7A310B22232C8CE800F255E9 /* Frameworks */ = {
			isa = PBXFrameworksBuildPhase;
			buildActionMask = 2147483647;
			files = (
			);
			runOnlyForDeploymentPostprocessing = 0;
		};
/* End PBXFrameworksBuildPhase section */

/* Begin PBXGroup section */
		7A310AFD232C8CE600F255E9 = {
			isa = PBXGroup;
			children = (
				7A310B08232C8CE600F255E9 /* Hands on Coding Exam */,
				7A310B1D232C8CE800F255E9 /* Hands on Coding ExamTests */,
				7A310B28232C8CE800F255E9 /* Hands on Coding ExamUITests */,
				7A310B07232C8CE600F255E9 /* Products */,
			);
			sourceTree = "<group>";
		};
		7A310B07232C8CE600F255E9 /* Products */ = {
			isa = PBXGroup;
			children = (
				7A310B06232C8CE600F255E9 /* Hands on Coding Exam.app */,
				7A310B1A232C8CE800F255E9 /* Hands on Coding ExamTests.xctest */,
				7A310B25232C8CE800F255E9 /* Hands on Coding ExamUITests.xctest */,
			);
			name = Products;
			sourceTree = "<group>";
		};
		7A310B08232C8CE600F255E9 /* Hands on Coding Exam */ = {
			isa = PBXGroup;
			children = (
				7A310B09232C8CE600F255E9 /* AppDelegate.swift */,
				7A310B0B232C8CE600F255E9 /* ViewController.swift */,
				7A310B0D232C8CE600F255E9 /* Main.storyboard */,
				7A310B10232C8CE800F255E9 /* Assets.xcassets */,
				7A310B12232C8CE800F255E9 /* LaunchScreen.storyboard */,
				7A310B15232C8CE800F255E9 /* Info.plist */,
			);
			path = "Hands on Coding Exam";
			sourceTree = "<group>";
		};
		7A310B1D232C8CE800F255E9 /* Hands on Coding ExamTests */ = {
			isa = PBXGroup;
			children = (
				7A310B1E232C8CE800F255E9 /* Hands_on_Coding_ExamTests.swift */,
				7A310B20232C8CE800F255E9 /* Info.plist */,
			);
			path = "Hands on Coding ExamTests";
			sourceTree = "<group>";
		};
		7A310B28232C8CE800F255E9 /* Hands on Coding ExamUITests */ = {
			isa = PBXGroup;
			children = (
				7A310B29232C8CE800F255E9 /* Hands_on_Coding_ExamUITests.swift */,
				7A310B2B232C8CE800F255E9 /* Info.plist */,
			);
			path = "Hands on Coding ExamUITests";
			sourceTree = "<group>";
		};
/* End PBXGroup section */

/* Begin PBXNativeTarget section */
		7A310B05232C8CE600F255E9 /* Hands on Coding Exam */ = {
			isa = PBXNativeTarget;
			buildConfigurationList = 7A310B2E232C8CE800F255E9 /* Build configuration list for PBXNativeTarget "Hands on Coding Exam" */;
			buildPhases = (
				7A310B02232C8CE600F255E9 /* Sources */,
				7A310B03232C8CE600F255E9 /* Frameworks */,
				7A310B04232C8CE600F255E9 /* Resources */,
			);
			buildRules = (
			);
			dependencies = (
			);
			name = "Hands on Coding Exam";
			productName = "Hands on Coding Exam";
			productReference = 7A310B06232C8CE600F255E9 /* Hands on Coding Exam.app */;
			productType = "com.apple.product-type.application";
		};
		7A310B19232C8CE800F255E9 /* Hands on Coding ExamTests */ = {
			isa = PBXNativeTarget;
			buildConfigurationList = 7A310B31232C8CE800F255E9 /* Build configuration list for PBXNativeTarget "Hands on Coding ExamTests" */;
			buildPhases = (
				7A310B16232C8CE800F255E9 /* Sources */,
				7A310B17232C8CE800F255E9 /* Frameworks */,
				7A310B18232C8CE800F255E9 /* Resources */,
			);
			buildRules = (
			);
			dependencies = (
				7A310B1C232C8CE800F255E9 /* PBXTargetDependency */,
			);
			name = "Hands on Coding ExamTests";
			productName = "Hands on Coding ExamTests";
			productReference = 7A310B1A232C8CE800F255E9 /* Hands on Coding ExamTests.xctest */;
			productType = "com.apple.product-type.bundle.unit-test";
		};
		7A310B24232C8CE800F255E9 /* Hands on Coding ExamUITests */ = {
			isa = PBXNativeTarget;
			buildConfigurationList = 7A310B34232C8CE800F255E9 /* Build configuration list for PBXNativeTarget "Hands on Coding ExamUITests" */;
			buildPhases = (
				7A310B21232C8CE800F255E9 /* Sources */,
				7A310B22232C8CE800F255E9 /* Frameworks */,
				7A310B23232C8CE800F255E9 /* Resources */,
			);
			buildRules = (
			);
			dependencies = (
				7A310B27232C8CE800F255E9 /* PBXTargetDependency */,
			);
			name = "Hands on Coding ExamUITests";
			productName = "Hands on Coding ExamUITests";
			productReference = 7A310B25232C8CE800F255E9 /* Hands on Coding ExamUITests.xctest */;
			productType = "com.apple.product-type.bundle.ui-testing";
		};
/* End PBXNativeTarget section */

/* Begin PBXProject section */
		7A310AFE232C8CE600F255E9 /* Project object */ = {
			isa = PBXProject;
			attributes = {
				LastSwiftUpdateCheck = 1030;
				LastUpgradeCheck = 1030;
				ORGANIZATIONNAME = "Janine Basilio";
				TargetAttributes = {
					7A310B05232C8CE600F255E9 = {
						CreatedOnToolsVersion = 10.3;
					};
					7A310B19232C8CE800F255E9 = {
						CreatedOnToolsVersion = 10.3;
						TestTargetID = 7A310B05232C8CE600F255E9;
					};
					7A310B24232C8CE800F255E9 = {
						CreatedOnToolsVersion = 10.3;
						TestTargetID = 7A310B05232C8CE600F255E9;
					};
				};
			};
			buildConfigurationList = 7A310B01232C8CE600F255E9 /* Build configuration list for PBXProject "Hands on Coding Exam" */;
			compatibilityVersion = "Xcode 9.3";
			developmentRegion = en;
			hasScannedForEncodings = 0;
			knownRegions = (
				en,
				Base,
			);
			mainGroup = 7A310AFD232C8CE600F255E9;
			productRefGroup = 7A310B07232C8CE600F255E9 /* Products */;
			projectDirPath = "";
			projectRoot = "";
			targets = (
				7A310B05232C8CE600F255E9 /* Hands on Coding Exam */,
				7A310B19232C8CE800F255E9 /* Hands on Coding ExamTests */,
				7A310B24232C8CE800F255E9 /* Hands on Coding ExamUITests */,
			);
		};
/* End PBXProject section */

/* Begin PBXResourcesBuildPhase section */
		7A310B04232C8CE600F255E9 /* Resources */ = {
			isa = PBXResourcesBuildPhase;
			buildActionMask = 2147483647;
			files = (
				7A310B14232C8CE800F255E9 /* LaunchScreen.storyboard in Resources */,
				7A310B11232C8CE800F255E9 /* Assets.xcassets in Resources */,
				7A310B0F232C8CE600F255E9 /* Main.storyboard in Resources */,
			);
			runOnlyForDeploymentPostprocessing = 0;
		};
		7A310B18232C8CE800F255E9 /* Resources */ = {
			isa = PBXResourcesBuildPhase;
			buildActionMask = 2147483647;
			files = (
			);
			runOnlyForDeploymentPostprocessing = 0;
		};
		7A310B23232C8CE800F255E9 /* Resources */ = {
			isa = PBXResourcesBuildPhase;
			buildActionMask = 2147483647;
			files = (
			);
			runOnlyForDeploymentPostprocessing = 0;
		};
/* End PBXResourcesBuildPhase section */

/* Begin PBXSourcesBuildPhase section */
		7A310B02232C8CE600F255E9 /* Sources */ = {
			isa = PBXSourcesBuildPhase;
			buildActionMask = 2147483647;
			files = (
				7A310B0C232C8CE600F255E9 /* ViewController.swift in Sources */,
				7A310B0A232C8CE600F255E9 /* AppDelegate.swift in Sources */,
			);
			runOnlyForDeploymentPostprocessing = 0;
		};
		7A310B16232C8CE800F255E9 /* Sources */ = {
			isa = PBXSourcesBuildPhase;
			buildActionMask = 2147483647;
			files = (
				7A310B1F232C8CE800F255E9 /* Hands_on_Coding_ExamTests.swift in Sources */,
			);
			runOnlyForDeploymentPostprocessing = 0;
		};
		7A310B21232C8CE800F255E9 /* Sources */ = {
			isa = PBXSourcesBuildPhase;
			buildActionMask = 2147483647;
			files = (
				7A310B2A232C8CE800F255E9 /* Hands_on_Coding_ExamUITests.swift in Sources */,
			);
			runOnlyForDeploymentPostprocessing = 0;
		};
/* End PBXSourcesBuildPhase section */

/* Begin PBXTargetDependency section */
		7A310B1C232C8CE800F255E9 /* PBXTargetDependency */ = {
			isa = PBXTargetDependency;
			target = 7A310B05232C8CE600F255E9 /* Hands on Coding Exam */;
			targetProxy = 7A310B1B232C8CE800F255E9 /* PBXContainerItemProxy */;
		};
		7A310B27232C8CE800F255E9 /* PBXTargetDependency */ = {
			isa = PBXTargetDependency;
			target = 7A310B05232C8CE600F255E9 /* Hands on Coding Exam */;
			targetProxy = 7A310B26232C8CE800F255E9 /* PBXContainerItemProxy */;
		};
/* End PBXTargetDependency section */

/* Begin PBXVariantGroup section */
		7A310B0D232C8CE600F255E9 /* Main.storyboard */ = {
			isa = PBXVariantGroup;
			children = (
				7A310B0E232C8CE600F255E9 /* Base */,
			);
			name = Main.storyboard;
			sourceTree = "<group>";
		};
		7A310B12232C8CE800F255E9 /* LaunchScreen.storyboard */ = {
			isa = PBXVariantGroup;
			children = (
				7A310B13232C8CE800F255E9 /* Base */,
			);
			name = LaunchScreen.storyboard;
			sourceTree = "<group>";
		};
/* End PBXVariantGroup section */

/* Begin XCBuildConfiguration section */
		7A310B2C232C8CE800F255E9 /* Debug */ = {
			isa = XCBuildConfiguration;
			buildSettings = {
				ALWAYS_SEARCH_USER_PATHS = NO;
				CLANG_ANALYZER_NONNULL = YES;
				CLANG_ANALYZER_NUMBER_OBJECT_CONVERSION = YES_AGGRESSIVE;
				CLANG_CXX_LANGUAGE_STANDARD = "gnu++14";
				CLANG_CXX_LIBRARY = "libc++";
				CLANG_ENABLE_MODULES = YES;
				CLANG_ENABLE_OBJC_ARC = YES;
				CLANG_ENABLE_OBJC_WEAK = YES;
				CLANG_WARN_BLOCK_CAPTURE_AUTORELEASING = YES;
				CLANG_WARN_BOOL_CONVERSION = YES;
				CLANG_WARN_COMMA = YES;
				CLANG_WARN_CONSTANT_CONVERSION = YES;
				CLANG_WARN_DEPRECATED_OBJC_IMPLEMENTATIONS = YES;
				CLANG_WARN_DIRECT_OBJC_ISA_USAGE = YES_ERROR;
				CLANG_WARN_DOCUMENTATION_COMMENTS = YES;
				CLANG_WARN_EMPTY_BODY = YES;
				CLANG_WARN_ENUM_CONVERSION = YES;
				CLANG_WARN_INFINITE_RECURSION = YES;
				CLANG_WARN_INT_CONVERSION = YES;
				CLANG_WARN_NON_LITERAL_NULL_CONVERSION = YES;
				CLANG_WARN_OBJC_IMPLICIT_RETAIN_SELF = YES;
				CLANG_WARN_OBJC_LITERAL_CONVERSION = YES;
				CLANG_WARN_OBJC_ROOT_CLASS = YES_ERROR;
				CLANG_WARN_RANGE_LOOP_ANALYSIS = YES;
				CLANG_WARN_STRICT_PROTOTYPES = YES;
				CLANG_WARN_SUSPICIOUS_MOVE = YES;
				CLANG_WARN_UNGUARDED_AVAILABILITY = YES_AGGRESSIVE;
				CLANG_WARN_UNREACHABLE_CODE = YES;
				CLANG_WARN__DUPLICATE_METHOD_MATCH = YES;
				CODE_SIGN_IDENTITY = "iPhone Developer";
				COPY_PHASE_STRIP = NO;
				DEBUG_INFORMATION_FORMAT = dwarf;
				ENABLE_STRICT_OBJC_MSGSEND = YES;
				ENABLE_TESTABILITY = YES;
				GCC_C_LANGUAGE_STANDARD = gnu11;
				GCC_DYNAMIC_NO_PIC = NO;
				GCC_NO_COMMON_BLOCKS = YES;
				GCC_OPTIMIZATION_LEVEL = 0;
				GCC_PREPROCESSOR_DEFINITIONS = (
					"DEBUG=1",
					"$(inherited)",
				);
				GCC_WARN_64_TO_32_BIT_CONVERSION = YES;
				GCC_WARN_ABOUT_RETURN_TYPE = YES_ERROR;
				GCC_WARN_UNDECLARED_SELECTOR = YES;
				GCC_WARN_UNINITIALIZED_AUTOS = YES_AGGRESSIVE;
				GCC_WARN_UNUSED_FUNCTION = YES;
				GCC_WARN_UNUSED_VARIABLE = YES;
				IPHONEOS_DEPLOYMENT_TARGET = 12.4;
				MTL_ENABLE_DEBUG_INFO = INCLUDE_SOURCE;
				MTL_FAST_MATH = YES;
				ONLY_ACTIVE_ARCH = YES;
				SDKROOT = iphoneos;
				SWIFT_ACTIVE_COMPILATION_CONDITIONS = DEBUG;
				SWIFT_OPTIMIZATION_LEVEL = "-Onone";
			};
			name = Debug;
		};
		7A310B2D232C8CE800F255E9 /* Release */ = {
			isa = XCBuildConfiguration;
			buildSettings = {
				ALWAYS_SEARCH_USER_PATHS = NO;
				CLANG_ANALYZER_NONNULL = YES;
				CLANG_ANALYZER_NUMBER_OBJECT_CONVERSION = YES_AGGRESSIVE;
				CLANG_CXX_LANGUAGE_STANDARD = "gnu++14";
				CLANG_CXX_LIBRARY = "libc++";
				CLANG_ENABLE_MODULES = YES;
				CLANG_ENABLE_OBJC_ARC = YES;
				CLANG_ENABLE_OBJC_WEAK = YES;
				CLANG_WARN_BLOCK_CAPTURE_AUTORELEASING = YES;
				CLANG_WARN_BOOL_CONVERSION = YES;
				CLANG_WARN_COMMA = YES;
				CLANG_WARN_CONSTANT_CONVERSION = YES;
				CLANG_WARN_DEPRECATED_OBJC_IMPLEMENTATIONS = YES;
				CLANG_WARN_DIRECT_OBJC_ISA_USAGE = YES_ERROR;
				CLANG_WARN_DOCUMENTATION_COMMENTS = YES;
				CLANG_WARN_EMPTY_BODY = YES;
				CLANG_WARN_ENUM_CONVERSION = YES;
				CLANG_WARN_INFINITE_RECURSION = YES;
				CLANG_WARN_INT_CONVERSION = YES;
				CLANG_WARN_NON_LITERAL_NULL_CONVERSION = YES;
				CLANG_WARN_OBJC_IMPLICIT_RETAIN_SELF = YES;
				CLANG_WARN_OBJC_LITERAL_CONVERSION = YES;
				CLANG_WARN_OBJC_ROOT_CLASS = YES_ERROR;
				CLANG_WARN_RANGE_LOOP_ANALYSIS = YES;
				CLANG_WARN_STRICT_PROTOTYPES = YES;
				CLANG_WARN_SUSPICIOUS_MOVE = YES;
				CLANG_WARN_UNGUARDED_AVAILABILITY = YES_AGGRESSIVE;
				CLANG_WARN_UNREACHABLE_CODE = YES;
				CLANG_WARN__DUPLICATE_METHOD_MATCH = YES;
				CODE_SIGN_IDENTITY = "iPhone Developer";
				COPY_PHASE_STRIP = NO;
				DEBUG_INFORMATION_FORMAT = "dwarf-with-dsym";
				ENABLE_NS_ASSERTIONS = NO;
				ENABLE_STRICT_OBJC_MSGSEND = YES;
				GCC_C_LANGUAGE_STANDARD = gnu11;
				GCC_NO_COMMON_BLOCKS = YES;
				GCC_WARN_64_TO_32_BIT_CONVERSION = YES;
				GCC_WARN_ABOUT_RETURN_TYPE = YES_ERROR;
				GCC_WARN_UNDECLARED_SELECTOR = YES;
				GCC_WARN_UNINITIALIZED_AUTOS = YES_AGGRESSIVE;
				GCC_WARN_UNUSED_FUNCTION = YES;
				GCC_WARN_UNUSED_VARIABLE = YES;
				IPHONEOS_DEPLOYMENT_TARGET = 12.4;
				MTL_ENABLE_DEBUG_INFO = NO;
				MTL_FAST_MATH = YES;
				SDKROOT = iphoneos;
				SWIFT_COMPILATION_MODE = wholemodule;
				SWIFT_OPTIMIZATION_LEVEL = "-O";
				VALIDATE_PRODUCT = YES;
			};
			name = Release;
		};
		7A310B2F232C8CE800F255E9 /* Debug */ = {
			isa = XCBuildConfiguration;
			buildSettings = {
				ASSETCATALOG_COMPILER_APPICON_NAME = AppIcon;
				CODE_SIGN_STYLE = Automatic;
				DEVELOPMENT_TEAM = 9NZKCP94G2;
				INFOPLIST_FILE = "Hands on Coding Exam/Info.plist";
				LD_RUNPATH_SEARCH_PATHS = (
					"$(inherited)",
					"@executable_path/Frameworks",
				);
				PRODUCT_BUNDLE_IDENTIFIER = "Janine-Basilio.Hands-on-Coding-Exam";
				PRODUCT_NAME = "$(TARGET_NAME)";
				SWIFT_VERSION = 5.0;
				TARGETED_DEVICE_FAMILY = "1,2";
			};
			name = Debug;
		};
		7A310B30232C8CE800F255E9 /* Release */ = {
			isa = XCBuildConfiguration;
			buildSettings = {
				ASSETCATALOG_COMPILER_APPICON_NAME = AppIcon;
				CODE_SIGN_STYLE = Automatic;
				DEVELOPMENT_TEAM = 9NZKCP94G2;
				INFOPLIST_FILE = "Hands on Coding Exam/Info.plist";
				LD_RUNPATH_SEARCH_PATHS = (
					"$(inherited)",
					"@executable_path/Frameworks",
				);
				PRODUCT_BUNDLE_IDENTIFIER = "Janine-Basilio.Hands-on-Coding-Exam";
				PRODUCT_NAME = "$(TARGET_NAME)";
				SWIFT_VERSION = 5.0;
				TARGETED_DEVICE_FAMILY = "1,2";
			};
			name = Release;
		};
		7A310B32232C8CE800F255E9 /* Debug */ = {
			isa = XCBuildConfiguration;
			buildSettings = {
				ALWAYS_EMBED_SWIFT_STANDARD_LIBRARIES = YES;
				BUNDLE_LOADER = "$(TEST_HOST)";
				CODE_SIGN_STYLE = Automatic;
				DEVELOPMENT_TEAM = 9NZKCP94G2;
				INFOPLIST_FILE = "Hands on Coding ExamTests/Info.plist";
				LD_RUNPATH_SEARCH_PATHS = (
					"$(inherited)",
					"@executable_path/Frameworks",
					"@loader_path/Frameworks",
				);
				PRODUCT_BUNDLE_IDENTIFIER = "Janine-Basilio.Hands-on-Coding-ExamTests";
				PRODUCT_NAME = "$(TARGET_NAME)";
				SWIFT_VERSION = 5.0;
				TARGETED_DEVICE_FAMILY = "1,2";
				TEST_HOST = "$(BUILT_PRODUCTS_DIR)/Hands on Coding Exam.app/Hands on Coding Exam";
			};
			name = Debug;
		};
		7A310B33232C8CE800F255E9 /* Release */ = {
			isa = XCBuildConfiguration;
			buildSettings = {
				ALWAYS_EMBED_SWIFT_STANDARD_LIBRARIES = YES;
				BUNDLE_LOADER = "$(TEST_HOST)";
				CODE_SIGN_STYLE = Automatic;
				DEVELOPMENT_TEAM = 9NZKCP94G2;
				INFOPLIST_FILE = "Hands on Coding ExamTests/Info.plist";
				LD_RUNPATH_SEARCH_PATHS = (
					"$(inherited)",
					"@executable_path/Frameworks",
					"@loader_path/Frameworks",
				);
				PRODUCT_BUNDLE_IDENTIFIER = "Janine-Basilio.Hands-on-Coding-ExamTests";
				PRODUCT_NAME = "$(TARGET_NAME)";
				SWIFT_VERSION = 5.0;
				TARGETED_DEVICE_FAMILY = "1,2";
				TEST_HOST = "$(BUILT_PRODUCTS_DIR)/Hands on Coding Exam.app/Hands on Coding Exam";
			};
			name = Release;
		};
		7A310B35232C8CE800F255E9 /* Debug */ = {
			isa = XCBuildConfiguration;
			buildSettings = {
				ALWAYS_EMBED_SWIFT_STANDARD_LIBRARIES = YES;
				CODE_SIGN_STYLE = Automatic;
				DEVELOPMENT_TEAM = 9NZKCP94G2;
				INFOPLIST_FILE = "Hands on Coding ExamUITests/Info.plist";
				LD_RUNPATH_SEARCH_PATHS = (
					"$(inherited)",
					"@executable_path/Frameworks",
					"@loader_path/Frameworks",
				);
				PRODUCT_BUNDLE_IDENTIFIER = "Janine-Basilio.Hands-on-Coding-ExamUITests";
				PRODUCT_NAME = "$(TARGET_NAME)";
				SWIFT_VERSION = 5.0;
				TARGETED_DEVICE_FAMILY = "1,2";
				TEST_TARGET_NAME = "Hands on Coding Exam";
			};
			name = Debug;
		};
		7A310B36232C8CE800F255E9 /* Release */ = {
			isa = XCBuildConfiguration;
			buildSettings = {
				ALWAYS_EMBED_SWIFT_STANDARD_LIBRARIES = YES;
				CODE_SIGN_STYLE = Automatic;
				DEVELOPMENT_TEAM = 9NZKCP94G2;
				INFOPLIST_FILE = "Hands on Coding ExamUITests/Info.plist";
				LD_RUNPATH_SEARCH_PATHS = (
					"$(inherited)",
					"@executable_path/Frameworks",
					"@loader_path/Frameworks",
				);
				PRODUCT_BUNDLE_IDENTIFIER = "Janine-Basilio.Hands-on-Coding-ExamUITests";
				PRODUCT_NAME = "$(TARGET_NAME)";
				SWIFT_VERSION = 5.0;
				TARGETED_DEVICE_FAMILY = "1,2";
				TEST_TARGET_NAME = "Hands on Coding Exam";
			};
			name = Release;
		};
/* End XCBuildConfiguration section */

/* Begin XCConfigurationList section */
		7A310B01232C8CE600F255E9 /* Build configuration list for PBXProject "Hands on Coding Exam" */ = {
			isa = XCConfigurationList;
			buildConfigurations = (
				7A310B2C232C8CE800F255E9 /* Debug */,
				7A310B2D232C8CE800F255E9 /* Release */,
			);
			defaultConfigurationIsVisible = 0;
			defaultConfigurationName = Release;
		};
		7A310B2E232C8CE800F255E9 /* Build configuration list for PBXNativeTarget "Hands on Coding Exam" */ = {
			isa = XCConfigurationList;
			buildConfigurations = (
				7A310B2F232C8CE800F255E9 /* Debug */,
				7A310B30232C8CE800F255E9 /* Release */,
			);
			defaultConfigurationIsVisible = 0;
			defaultConfigurationName = Release;
		};
		7A310B31232C8CE800F255E9 /* Build configuration list for PBXNativeTarget "Hands on Coding ExamTests" */ = {
			isa = XCConfigurationList;
			buildConfigurations = (
				7A310B32232C8CE800F255E9 /* Debug */,
				7A310B33232C8CE800F255E9 /* Release */,
			);
			defaultConfigurationIsVisible = 0;
			defaultConfigurationName = Release;
		};
		7A310B34232C8CE800F255E9 /* Build configuration list for PBXNativeTarget "Hands on Coding ExamUITests" */ = {
			isa = XCConfigurationList;
			buildConfigurations = (
				7A310B35232C8CE800F255E9 /* Debug */,
				7A310B36232C8CE800F255E9 /* Release */,
			);
			defaultConfigurationIsVisible = 0;
			defaultConfigurationName = Release;
		};
/* End XCConfigurationList section */
	};
	rootObject = 7A310AFE232C8CE600F255E9 /* Project object */;
}
